
Microsoft Visual Studio Solution File, Format Version 12.00
# Visual Studio Version 16
VisualStudioVersion = 16.0.809.4
MinimumVisualStudioVersion = 10.0.40219.1
Project("{FAE04EC0-301F-11D3-BF4B-00C04F79EFBC}") = "InstaSlam", "InstaSlam\InstaSlam.csproj", "{954F9074-56E3-4132-9837-76D551FCA772}"
EndProject
Global
	GlobalSection(SolutionConfigurationPlatforms) = preSolution
		Debug|Any CPU = Debug|Any CPU
		Release|Any CPU = Release|Any CPU
	EndGlobalSection
	GlobalSection(ProjectConfigurationPlatforms) = postSolution
		{954F9074-56E3-4132-9837-76D551FCA772}.Debug|Any CPU.ActiveCfg = Debug|Any CPU
		{954F9074-56E3-4132-9837-76D551FCA772}.Debug|Any CPU.Build.0 = Debug|Any CPU
		{954F9074-56E3-4132-9837-76D551FCA772}.Release|Any CPU.ActiveCfg = Release|Any CPU
		{954F9074-56E3-4132-9837-76D551FCA772}.Release|Any CPU.Build.0 = Release|Any CPU
	EndGlobalSection
	GlobalSection(SolutionProperties) = preSolution
		HideSolutionNode = FALSE
	EndGlobalSection
	GlobalSection(ExtensibilityGlobals) = postSolution
		SolutionGuid = {E705CDC0-9B4C-4649-B0C9-C8166183488C}
	EndGlobalSection
EndGlobal
