
Microsoft Visual Studio Solution File, Format Version 12.00
# Visual Studio Version 16
VisualStudioVersion = 16.0.809.4
MinimumVisualStudioVersion = 10.0.40219.1
Project("{9344BDBB-3E7F-41FC-A0DD-8665D75EE146}") = "InstaSlam", "Instagram\InstaSlam.csproj", "{83C234D7-E493-4DB8-8EF7-1FBC185D24CD}"
EndProject
Global
	GlobalSection(SolutionConfigurationPlatforms) = preSolution
		Debug|Any CPU = Debug|Any CPU
		Release|Any CPU = Release|Any CPU
	EndGlobalSection
	GlobalSection(ProjectConfigurationPlatforms) = postSolution
		{83C234D7-E493-4DB8-8EF7-1FBC185D24CD}.Debug|Any CPU.ActiveCfg = Debug|Any CPU
		{83C234D7-E493-4DB8-8EF7-1FBC185D24CD}.Debug|Any CPU.Build.0 = Debug|Any CPU
		{83C234D7-E493-4DB8-8EF7-1FBC185D24CD}.Release|Any CPU.ActiveCfg = Release|Any CPU
		{83C234D7-E493-4DB8-8EF7-1FBC185D24CD}.Release|Any CPU.Build.0 = Release|Any CPU
	EndGlobalSection
	GlobalSection(SolutionProperties) = preSolution
		HideSolutionNode = FALSE
	EndGlobalSection
	GlobalSection(ExtensibilityGlobals) = postSolution
		SolutionGuid = {E705CDC0-9B4C-4649-B0C9-C8166183488C}
	EndGlobalSection
EndGlobal
